
Microsoft Visual Studio Solution File, Format Version 12.00
# Visual Studio Version 17
VisualStudioVersion = 17.10.34607.79
MinimumVisualStudioVersion = 10.0.40219.1
Project("{9A19103F-16F7-4668-BE54-9A1E7A4F7556}") = "DemoCPU", "DemoCPU\DemoCPU.csproj", "{9E031A44-7FDD-4480-98B8-71E94B762CF8}"
EndProject
Project("{9A19103F-16F7-4668-BE54-9A1E7A4F7556}") = "MemoryLeak", "MemoryLeak\MemoryLeak.csproj", "{125FE352-C0BF-4FDB-9893-5E82079E554E}"
EndProject
Project("{FAE04EC0-301F-11D3-BF4B-00C04F79EFBC}") = "Database", "Database\Database.csproj", "{00CDD3AE-FC47-4B6C-BBC2-A535B42AA86D}"
EndProject
Global
	GlobalSection(SolutionConfigurationPlatforms) = preSolution
		Debug|Any CPU = Debug|Any CPU
		Release|Any CPU = Release|Any CPU
	EndGlobalSection
	GlobalSection(ProjectConfigurationPlatforms) = postSolution
		{9E031A44-7FDD-4480-98B8-71E94B762CF8}.Debug|Any CPU.ActiveCfg = Debug|Any CPU
		{9E031A44-7FDD-4480-98B8-71E94B762CF8}.Debug|Any CPU.Build.0 = Debug|Any CPU
		{9E031A44-7FDD-4480-98B8-71E94B762CF8}.Release|Any CPU.ActiveCfg = Release|Any CPU
		{9E031A44-7FDD-4480-98B8-71E94B762CF8}.Release|Any CPU.Build.0 = Release|Any CPU
		{125FE352-C0BF-4FDB-9893-5E82079E554E}.Debug|Any CPU.ActiveCfg = Debug|Any CPU
		{125FE352-C0BF-4FDB-9893-5E82079E554E}.Debug|Any CPU.Build.0 = Debug|Any CPU
		{125FE352-C0BF-4FDB-9893-5E82079E554E}.Release|Any CPU.ActiveCfg = Release|Any CPU
		{125FE352-C0BF-4FDB-9893-5E82079E554E}.Release|Any CPU.Build.0 = Release|Any CPU
		{00CDD3AE-FC47-4B6C-BBC2-A535B42AA86D}.Debug|Any CPU.ActiveCfg = Debug|Any CPU
		{00CDD3AE-FC47-4B6C-BBC2-A535B42AA86D}.Debug|Any CPU.Build.0 = Debug|Any CPU
		{00CDD3AE-FC47-4B6C-BBC2-A535B42AA86D}.Release|Any CPU.ActiveCfg = Release|Any CPU
		{00CDD3AE-FC47-4B6C-BBC2-A535B42AA86D}.Release|Any CPU.Build.0 = Release|Any CPU
	EndGlobalSection
	GlobalSection(SolutionProperties) = preSolution
		HideSolutionNode = FALSE
	EndGlobalSection
	GlobalSection(ExtensibilityGlobals) = postSolution
		SolutionGuid = {08958ADD-EBFA-4704-BB3A-FF244442B8C0}
	EndGlobalSection
EndGlobal
