
Microsoft Visual Studio Solution File, Format Version 12.00
# Visual Studio Version 17
VisualStudioVersion = 17.12.35209.166
MinimumVisualStudioVersion = 10.0.40219.1
Project("{FAE04EC0-301F-11D3-BF4B-00C04F79EFBC}") = "CarApi", "CarApi.csproj", "{5F21BAC7-45C6-4087-BB35-DB5DA189FA83}"
EndProject
Global
	GlobalSection(SolutionConfigurationPlatforms) = preSolution
		Debug|Any CPU = Debug|Any CPU
		Release|Any CPU = Release|Any CPU
	EndGlobalSection
	GlobalSection(ProjectConfigurationPlatforms) = postSolution
		{5F21BAC7-45C6-4087-BB35-DB5DA189FA83}.Debug|Any CPU.ActiveCfg = Debug|Any CPU
		{5F21BAC7-45C6-4087-BB35-DB5DA189FA83}.Debug|Any CPU.Build.0 = Debug|Any CPU
		{5F21BAC7-45C6-4087-BB35-DB5DA189FA83}.Release|Any CPU.ActiveCfg = Release|Any CPU
		{5F21BAC7-45C6-4087-BB35-DB5DA189FA83}.Release|Any CPU.Build.0 = Release|Any CPU
	EndGlobalSection
	GlobalSection(SolutionProperties) = preSolution
		HideSolutionNode = FALSE
	EndGlobalSection
	GlobalSection(ExtensibilityGlobals) = postSolution
		SolutionGuid = {D7AC1846-50CD-4281-B58B-B75D4DD7E44C}
	EndGlobalSection
EndGlobal
