
Microsoft Visual Studio Solution File, Format Version 12.00
# Visual Studio Version 17
VisualStudioVersion = 17.11.35005.142
MinimumVisualStudioVersion = 10.0.40219.1
Project("{FAE04EC0-301F-11D3-BF4B-00C04F79EFBC}") = "Web", "DummyArchSolution\Web\Web.csproj", "{2D40F8D6-DC8E-4621-91DE-7D1566FC1E7B}"
EndProject
Project("{FAE04EC0-301F-11D3-BF4B-00C04F79EFBC}") = "Application", "DummyArchSolution\Application\Application.csproj", "{F34F61CA-C900-441E-81CF-F2D320F78CC2}"
EndProject
Project("{FAE04EC0-301F-11D3-BF4B-00C04F79EFBC}") = "Models", "DummyArchSolution\Models\Models.csproj", "{2B4E8F09-8CBC-458E-AA39-A9E169DC4A66}"
EndProject
Global
	GlobalSection(SolutionConfigurationPlatforms) = preSolution
		Debug|Any CPU = Debug|Any CPU
		Release|Any CPU = Release|Any CPU
	EndGlobalSection
	GlobalSection(ProjectConfigurationPlatforms) = postSolution
		{2D40F8D6-DC8E-4621-91DE-7D1566FC1E7B}.Debug|Any CPU.ActiveCfg = Debug|Any CPU
		{2D40F8D6-DC8E-4621-91DE-7D1566FC1E7B}.Debug|Any CPU.Build.0 = Debug|Any CPU
		{2D40F8D6-DC8E-4621-91DE-7D1566FC1E7B}.Release|Any CPU.ActiveCfg = Release|Any CPU
		{2D40F8D6-DC8E-4621-91DE-7D1566FC1E7B}.Release|Any CPU.Build.0 = Release|Any CPU
		{F34F61CA-C900-441E-81CF-F2D320F78CC2}.Debug|Any CPU.ActiveCfg = Debug|Any CPU
		{F34F61CA-C900-441E-81CF-F2D320F78CC2}.Debug|Any CPU.Build.0 = Debug|Any CPU
		{F34F61CA-C900-441E-81CF-F2D320F78CC2}.Release|Any CPU.ActiveCfg = Release|Any CPU
		{F34F61CA-C900-441E-81CF-F2D320F78CC2}.Release|Any CPU.Build.0 = Release|Any CPU
		{2B4E8F09-8CBC-458E-AA39-A9E169DC4A66}.Debug|Any CPU.ActiveCfg = Debug|Any CPU
		{2B4E8F09-8CBC-458E-AA39-A9E169DC4A66}.Debug|Any CPU.Build.0 = Debug|Any CPU
		{2B4E8F09-8CBC-458E-AA39-A9E169DC4A66}.Release|Any CPU.ActiveCfg = Release|Any CPU
		{2B4E8F09-8CBC-458E-AA39-A9E169DC4A66}.Release|Any CPU.Build.0 = Release|Any CPU
	EndGlobalSection
	GlobalSection(SolutionProperties) = preSolution
		HideSolutionNode = FALSE
	EndGlobalSection
	GlobalSection(ExtensibilityGlobals) = postSolution
		SolutionGuid = {39BC7AAF-0CCD-4ECE-ACF6-508744713F05}
	EndGlobalSection
EndGlobal
